// !$*UTF8*$!
{
	archiveVersion = 1;
	classes = {
	};
	objectVersion = 48;
	objects = {

/* Begin PBXBuildFile section */
		158CA0DD1FA3A45C00920974 /* Part1Driver.cpp in Sources */ = {isa = PBXBuildFile; fileRef = 1560467B1FA3A4250081DD71 /* Part1Driver.cpp */; };
		158CA0DE1FA3A45C00920974 /* Map.cpp in Sources */ = {isa = PBXBuildFile; fileRef = 1560467C1FA3A4250081DD71 /* Map.cpp */; };
		159DAA061FAA64D30068EE78 /* PSPatern.cpp in Sources */ = {isa = PBXBuildFile; fileRef = 158080FE1FA91C8500677348 /* PSPatern.cpp */; };
		159DAA071FAB63120068EE78 /* Map.cpp in Sources */ = {isa = PBXBuildFile; fileRef = 1560467C1FA3A4250081DD71 /* Map.cpp */; };
		159DAA0A1FAB69220068EE78 /* PSPDriver.cpp in Sources */ = {isa = PBXBuildFile; fileRef = 159DAA081FAB69220068EE78 /* PSPDriver.cpp */; };
		15D2CFA31FB2902E003B1845 /* GameStatsObserver.cpp in Sources */ = {isa = PBXBuildFile; fileRef = 15D2CF9D1FB2902E003B1845 /* GameStatsObserver.cpp */; };
		15D2CFA51FB2902E003B1845 /* PhaseObserver.cpp in Sources */ = {isa = PBXBuildFile; fileRef = 15D2CFA01FB2902E003B1845 /* PhaseObserver.cpp */; };
		15D2CFAB1FB29069003B1845 /* Subject.cpp in Sources */ = {isa = PBXBuildFile; fileRef = 15D2CFA81FB29069003B1845 /* Subject.cpp */; };
		15D2CFAC1FB29069003B1845 /* Observer.cpp in Sources */ = {isa = PBXBuildFile; fileRef = 15D2CFA91FB29069003B1845 /* Observer.cpp */; };
		15EB6E301FACF5A50010C01C /* Player.cpp in Sources */ = {isa = PBXBuildFile; fileRef = 156046711FA3A4250081DD71 /* Player.cpp */; };
		15EB6E311FACF5C30010C01C /* Cards.cpp in Sources */ = {isa = PBXBuildFile; fileRef = 1560466D1FA3A4250081DD71 /* Cards.cpp */; };
		15EB6E321FACF5E50010C01C /* dice.cpp in Sources */ = {isa = PBXBuildFile; fileRef = 156046761FA3A4250081DD71 /* dice.cpp */; };
/* End PBXBuildFile section */

/* Begin PBXCopyFilesBuildPhase section */
		158CA0E11FA3A47800920974 /* CopyFiles */ = {
			isa = PBXCopyFilesBuildPhase;
			buildActionMask = 2147483647;
			dstPath = /usr/share/man/man1/;
			dstSubfolderSpec = 0;
			files = (
			);
			runOnlyForDeploymentPostprocessing = 1;
		};
		159BA0FF1FA3A1EE006D4512 /* CopyFiles */ = {
			isa = PBXCopyFilesBuildPhase;
			buildActionMask = 2147483647;
			dstPath = /usr/share/man/man1/;
			dstSubfolderSpec = 0;
			files = (
			);
			runOnlyForDeploymentPostprocessing = 1;
		};
		159BA10D1FA3A328006D4512 /* CopyFiles */ = {
			isa = PBXCopyFilesBuildPhase;
			buildActionMask = 2147483647;
			dstPath = /usr/share/man/man1/;
			dstSubfolderSpec = 0;
			files = (
			);
			runOnlyForDeploymentPostprocessing = 1;
		};
		159DA9FD1FAA64B60068EE78 /* CopyFiles */ = {
			isa = PBXCopyFilesBuildPhase;
			buildActionMask = 2147483647;
			dstPath = /usr/share/man/man1/;
			dstSubfolderSpec = 0;
			files = (
			);
			runOnlyForDeploymentPostprocessing = 1;
		};
/* End PBXCopyFilesBuildPhase section */

/* Begin PBXFileReference section */
		1560464D1FA3A4250081DD71 /* GameStartDriver.cpp */ = {isa = PBXFileReference; lastKnownFileType = sourcecode.cpp.cpp; path = GameStartDriver.cpp; sourceTree = "<group>"; };
		1560464E1FA3A4250081DD71 /* GameStart.h */ = {isa = PBXFileReference; lastKnownFileType = sourcecode.c.h; path = GameStart.h; sourceTree = "<group>"; };
		1560464F1FA3A4250081DD71 /* GameStart.cpp */ = {isa = PBXFileReference; lastKnownFileType = sourcecode.cpp.cpp; path = GameStart.cpp; sourceTree = "<group>"; };
		156046511FA3A4250081DD71 /* DriverMainGameLoop.hpp */ = {isa = PBXFileReference; lastKnownFileType = sourcecode.cpp.h; path = DriverMainGameLoop.hpp; sourceTree = "<group>"; };
		156046521FA3A4250081DD71 /* DriverMainGameLoop.cpp */ = {isa = PBXFileReference; lastKnownFileType = sourcecode.cpp.cpp; path = DriverMainGameLoop.cpp; sourceTree = "<group>"; };
		156046531FA3A4250081DD71 /* GameLoop.cpp */ = {isa = PBXFileReference; lastKnownFileType = sourcecode.cpp.cpp; path = GameLoop.cpp; sourceTree = "<group>"; };
		156046541FA3A4250081DD71 /* GameLoop.h */ = {isa = PBXFileReference; lastKnownFileType = sourcecode.c.h; path = GameLoop.h; sourceTree = "<group>"; };
		156046561FA3A4250081DD71 /* StartupPhase.cpp */ = {isa = PBXFileReference; lastKnownFileType = sourcecode.cpp.cpp; path = StartupPhase.cpp; sourceTree = "<group>"; };
		156046571FA3A4250081DD71 /* StartupDriver.cpp */ = {isa = PBXFileReference; lastKnownFileType = sourcecode.cpp.cpp; path = StartupDriver.cpp; sourceTree = "<group>"; };
		156046581FA3A4250081DD71 /* StartupPhase.h */ = {isa = PBXFileReference; lastKnownFileType = sourcecode.c.h; path = StartupPhase.h; sourceTree = "<group>"; };
		1560465A1FA3A4250081DD71 /* fortificationPhaseDriver.hpp */ = {isa = PBXFileReference; lastKnownFileType = sourcecode.cpp.h; path = fortificationPhaseDriver.hpp; sourceTree = "<group>"; };
		1560465B1FA3A4250081DD71 /* FortificationPhase.hpp */ = {isa = PBXFileReference; lastKnownFileType = sourcecode.cpp.h; path = FortificationPhase.hpp; sourceTree = "<group>"; };
		1560465C1FA3A4250081DD71 /* fortificationPhaseDriver.cpp */ = {isa = PBXFileReference; lastKnownFileType = sourcecode.cpp.cpp; path = fortificationPhaseDriver.cpp; sourceTree = "<group>"; };
		1560465D1FA3A4250081DD71 /* FortificationPhase.cpp */ = {isa = PBXFileReference; lastKnownFileType = sourcecode.cpp.cpp; path = FortificationPhase.cpp; sourceTree = "<group>"; };
		1560465F1FA3A4250081DD71 /* Attack.h */ = {isa = PBXFileReference; lastKnownFileType = sourcecode.c.h; path = Attack.h; sourceTree = "<group>"; };
		156046601FA3A4250081DD71 /* Attack.cpp */ = {isa = PBXFileReference; lastKnownFileType = sourcecode.cpp.cpp; path = Attack.cpp; sourceTree = "<group>"; };
		156046611FA3A4250081DD71 /* AttackDriver.cpp */ = {isa = PBXFileReference; lastKnownFileType = sourcecode.cpp.cpp; path = AttackDriver.cpp; sourceTree = "<group>"; };
		156046631FA3A4250081DD71 /* ReinforceDriver.cpp */ = {isa = PBXFileReference; lastKnownFileType = sourcecode.cpp.cpp; path = ReinforceDriver.cpp; sourceTree = "<group>"; };
		156046641FA3A4250081DD71 /* ReinforcePhase.cpp */ = {isa = PBXFileReference; lastKnownFileType = sourcecode.cpp.cpp; path = ReinforcePhase.cpp; sourceTree = "<group>"; };
		156046651FA3A4250081DD71 /* ReinforcePhase.h */ = {isa = PBXFileReference; lastKnownFileType = sourcecode.c.h; path = ReinforcePhase.h; sourceTree = "<group>"; };
		156046681FA3A4250081DD71 /* Part2Driver.cpp */ = {isa = PBXFileReference; lastKnownFileType = sourcecode.cpp.cpp; path = Part2Driver.cpp; sourceTree = "<group>"; };
		156046691FA3A4250081DD71 /* MapLoader.cpp */ = {isa = PBXFileReference; lastKnownFileType = sourcecode.cpp.cpp; path = MapLoader.cpp; sourceTree = "<group>"; };
		1560466A1FA3A4250081DD71 /* MapLoader.h */ = {isa = PBXFileReference; lastKnownFileType = sourcecode.c.h; path = MapLoader.h; sourceTree = "<group>"; };
		1560466B1FA3A4250081DD71 /* World.map */ = {isa = PBXFileReference; lastKnownFileType = "sourcecode.module-map"; path = World.map; sourceTree = "<group>"; };
		1560466D1FA3A4250081DD71 /* Cards.cpp */ = {isa = PBXFileReference; lastKnownFileType = sourcecode.cpp.cpp; path = Cards.cpp; sourceTree = "<group>"; };
		1560466E1FA3A4250081DD71 /* Part5_Driver.cpp */ = {isa = PBXFileReference; lastKnownFileType = sourcecode.cpp.cpp; path = Part5_Driver.cpp; sourceTree = "<group>"; };
		1560466F1FA3A4250081DD71 /* Cards.h */ = {isa = PBXFileReference; lastKnownFileType = sourcecode.c.h; path = Cards.h; sourceTree = "<group>"; };
		156046711FA3A4250081DD71 /* Player.cpp */ = {isa = PBXFileReference; lastKnownFileType = sourcecode.cpp.cpp; path = Player.cpp; sourceTree = "<group>"; };
		156046721FA3A4250081DD71 /* Player.h */ = {isa = PBXFileReference; lastKnownFileType = sourcecode.c.h; path = Player.h; sourceTree = "<group>"; };
		156046731FA3A4250081DD71 /* Part_4_Driver.cpp */ = {isa = PBXFileReference; lastKnownFileType = sourcecode.cpp.cpp; path = Part_4_Driver.cpp; sourceTree = "<group>"; };
		156046751FA3A4250081DD71 /* diceDriver.cpp */ = {isa = PBXFileReference; lastKnownFileType = sourcecode.cpp.cpp; path = diceDriver.cpp; sourceTree = "<group>"; };
		156046761FA3A4250081DD71 /* dice.cpp */ = {isa = PBXFileReference; lastKnownFileType = sourcecode.cpp.cpp; path = dice.cpp; sourceTree = "<group>"; };
		156046771FA3A4250081DD71 /* dice.h */ = {isa = PBXFileReference; lastKnownFileType = sourcecode.c.h; path = dice.h; sourceTree = "<group>"; };
		156046791FA3A4250081DD71 /* Map.h */ = {isa = PBXFileReference; lastKnownFileType = sourcecode.c.h; path = Map.h; sourceTree = "<group>"; };
		1560467A1FA3A4250081DD71 /* Part1Driver.h */ = {isa = PBXFileReference; lastKnownFileType = sourcecode.c.h; path = Part1Driver.h; sourceTree = "<group>"; };
		1560467B1FA3A4250081DD71 /* Part1Driver.cpp */ = {isa = PBXFileReference; lastKnownFileType = sourcecode.cpp.cpp; path = Part1Driver.cpp; sourceTree = "<group>"; };
		1560467C1FA3A4250081DD71 /* Map.cpp */ = {isa = PBXFileReference; lastKnownFileType = sourcecode.cpp.cpp; path = Map.cpp; sourceTree = "<group>"; };
		158080FD1FA91C8500677348 /* PSPatern.hpp */ = {isa = PBXFileReference; lastKnownFileType = sourcecode.cpp.h; path = PSPatern.hpp; sourceTree = "<group>"; };
		158080FE1FA91C8500677348 /* PSPatern.cpp */ = {isa = PBXFileReference; lastKnownFileType = sourcecode.cpp.cpp; path = PSPatern.cpp; sourceTree = "<group>"; };
		158080FF1FA91C8500677348 /* README.md */ = {isa = PBXFileReference; lastKnownFileType = net.daringfireball.markdown; path = README.md; sourceTree = "<group>"; };
		158CA0E31FA3A47800920974 /* Cards Target */ = {isa = PBXFileReference; explicitFileType = "compiled.mach-o.executable"; includeInIndex = 0; path = "Cards Target"; sourceTree = BUILT_PRODUCTS_DIR; };
		159BA1011FA3A1EE006D4512 /* Risk-fresh-start */ = {isa = PBXFileReference; explicitFileType = "compiled.mach-o.executable"; includeInIndex = 0; path = "Risk-fresh-start"; sourceTree = BUILT_PRODUCTS_DIR; };
		159BA10F1FA3A328006D4512 /* Map Target */ = {isa = PBXFileReference; explicitFileType = "compiled.mach-o.executable"; includeInIndex = 0; path = "Map Target"; sourceTree = BUILT_PRODUCTS_DIR; };
		159DA9FF1FAA64B60068EE78 /* PSP */ = {isa = PBXFileReference; explicitFileType = "compiled.mach-o.executable"; includeInIndex = 0; path = PSP; sourceTree = BUILT_PRODUCTS_DIR; };
		159DAA081FAB69220068EE78 /* PSPDriver.cpp */ = {isa = PBXFileReference; lastKnownFileType = sourcecode.cpp.cpp; path = PSPDriver.cpp; sourceTree = "<group>"; };
		159DAA091FAB69220068EE78 /* PSPDriver.hpp */ = {isa = PBXFileReference; lastKnownFileType = sourcecode.cpp.h; path = PSPDriver.hpp; sourceTree = "<group>"; };
		15D2CF9B1FB2902E003B1845 /* GameStatsObserver.h */ = {isa = PBXFileReference; fileEncoding = 4; lastKnownFileType = sourcecode.c.h; path = GameStatsObserver.h; sourceTree = "<group>"; };
		15D2CF9C1FB2902E003B1845 /* GameStatsObserverDriver.cpp */ = {isa = PBXFileReference; fileEncoding = 4; lastKnownFileType = sourcecode.cpp.cpp; path = GameStatsObserverDriver.cpp; sourceTree = "<group>"; };
		15D2CF9D1FB2902E003B1845 /* GameStatsObserver.cpp */ = {isa = PBXFileReference; fileEncoding = 4; lastKnownFileType = sourcecode.cpp.cpp; path = GameStatsObserver.cpp; sourceTree = "<group>"; };
		15D2CF9F1FB2902E003B1845 /* PhaseObserverDriver.cpp */ = {isa = PBXFileReference; fileEncoding = 4; lastKnownFileType = sourcecode.cpp.cpp; path = PhaseObserverDriver.cpp; sourceTree = "<group>"; };
		15D2CFA01FB2902E003B1845 /* PhaseObserver.cpp */ = {isa = PBXFileReference; fileEncoding = 4; lastKnownFileType = sourcecode.cpp.cpp; path = PhaseObserver.cpp; sourceTree = "<group>"; };
		15D2CFA11FB2902E003B1845 /* PhaseObserver.h */ = {isa = PBXFileReference; fileEncoding = 4; lastKnownFileType = sourcecode.c.h; path = PhaseObserver.h; sourceTree = "<group>"; };
		15D2CFA71FB29069003B1845 /* Observer.h */ = {isa = PBXFileReference; fileEncoding = 4; lastKnownFileType = sourcecode.c.h; path = Observer.h; sourceTree = "<group>"; };
		15D2CFA81FB29069003B1845 /* Subject.cpp */ = {isa = PBXFileReference; fileEncoding = 4; lastKnownFileType = sourcecode.cpp.cpp; path = Subject.cpp; sourceTree = "<group>"; };
		15D2CFA91FB29069003B1845 /* Observer.cpp */ = {isa = PBXFileReference; fileEncoding = 4; lastKnownFileType = sourcecode.cpp.cpp; path = Observer.cpp; sourceTree = "<group>"; };
		15D2CFAA1FB29069003B1845 /* Subject.h */ = {isa = PBXFileReference; fileEncoding = 4; lastKnownFileType = sourcecode.c.h; path = Subject.h; sourceTree = "<group>"; };
/* End PBXFileReference section */

/* Begin PBXFrameworksBuildPhase section */
		158CA0E01FA3A47800920974 /* Frameworks */ = {
			isa = PBXFrameworksBuildPhase;
			buildActionMask = 2147483647;
			files = (
			);
			runOnlyForDeploymentPostprocessing = 0;
		};
		159BA0FE1FA3A1EE006D4512 /* Frameworks */ = {
			isa = PBXFrameworksBuildPhase;
			buildActionMask = 2147483647;
			files = (
			);
			runOnlyForDeploymentPostprocessing = 0;
		};
		159BA10C1FA3A328006D4512 /* Frameworks */ = {
			isa = PBXFrameworksBuildPhase;
			buildActionMask = 2147483647;
			files = (
			);
			runOnlyForDeploymentPostprocessing = 0;
		};
		159DA9FC1FAA64B60068EE78 /* Frameworks */ = {
			isa = PBXFrameworksBuildPhase;
			buildActionMask = 2147483647;
			files = (
			);
			runOnlyForDeploymentPostprocessing = 0;
		};
/* End PBXFrameworksBuildPhase section */

/* Begin PBXGroup section */
		1560464B1FA3A4250081DD71 /* Assignment 2 */ = {
			isa = PBXGroup;
			children = (
				1560464C1FA3A4250081DD71 /* Part 1 - GameStart */,
				156046501FA3A4250081DD71 /* Part 3 - Main game loop */,
				156046551FA3A4250081DD71 /* Part 2 - Startup phase */,
				156046591FA3A4250081DD71 /* Part 6 - Fortification */,
				1560465E1FA3A4250081DD71 /* Part 5 - Attack */,
				156046621FA3A4250081DD71 /* Part 4 - Reinforcement */,
			);
			path = "Assignment 2";
			sourceTree = "<group>";
		};
		1560464C1FA3A4250081DD71 /* Part 1 - GameStart */ = {
			isa = PBXGroup;
			children = (
				1560464D1FA3A4250081DD71 /* GameStartDriver.cpp */,
				1560464E1FA3A4250081DD71 /* GameStart.h */,
				1560464F1FA3A4250081DD71 /* GameStart.cpp */,
			);
			path = "Part 1 - GameStart";
			sourceTree = "<group>";
		};
		156046501FA3A4250081DD71 /* Part 3 - Main game loop */ = {
			isa = PBXGroup;
			children = (
				156046511FA3A4250081DD71 /* DriverMainGameLoop.hpp */,
				156046521FA3A4250081DD71 /* DriverMainGameLoop.cpp */,
				156046531FA3A4250081DD71 /* GameLoop.cpp */,
				156046541FA3A4250081DD71 /* GameLoop.h */,
			);
			path = "Part 3 - Main game loop";
			sourceTree = "<group>";
		};
		156046551FA3A4250081DD71 /* Part 2 - Startup phase */ = {
			isa = PBXGroup;
			children = (
				156046561FA3A4250081DD71 /* StartupPhase.cpp */,
				156046571FA3A4250081DD71 /* StartupDriver.cpp */,
				156046581FA3A4250081DD71 /* StartupPhase.h */,
			);
			path = "Part 2 - Startup phase";
			sourceTree = "<group>";
		};
		156046591FA3A4250081DD71 /* Part 6 - Fortification */ = {
			isa = PBXGroup;
			children = (
				1560465A1FA3A4250081DD71 /* fortificationPhaseDriver.hpp */,
				1560465B1FA3A4250081DD71 /* FortificationPhase.hpp */,
				1560465C1FA3A4250081DD71 /* fortificationPhaseDriver.cpp */,
				1560465D1FA3A4250081DD71 /* FortificationPhase.cpp */,
			);
			path = "Part 6 - Fortification";
			sourceTree = "<group>";
		};
		1560465E1FA3A4250081DD71 /* Part 5 - Attack */ = {
			isa = PBXGroup;
			children = (
				1560465F1FA3A4250081DD71 /* Attack.h */,
				156046601FA3A4250081DD71 /* Attack.cpp */,
				156046611FA3A4250081DD71 /* AttackDriver.cpp */,
			);
			path = "Part 5 - Attack";
			sourceTree = "<group>";
		};
		156046621FA3A4250081DD71 /* Part 4 - Reinforcement */ = {
			isa = PBXGroup;
			children = (
				156046631FA3A4250081DD71 /* ReinforceDriver.cpp */,
				156046641FA3A4250081DD71 /* ReinforcePhase.cpp */,
				156046651FA3A4250081DD71 /* ReinforcePhase.h */,
			);
			path = "Part 4 - Reinforcement";
			sourceTree = "<group>";
		};
		156046661FA3A4250081DD71 /* Assignment 1 */ = {
			isa = PBXGroup;
			children = (
				156046781FA3A4250081DD71 /* Part 1 - Map */,
				156046671FA3A4250081DD71 /* Part 2 - Map Loader */,
				156046741FA3A4250081DD71 /* Part 3 - Dice */,
				156046701FA3A4250081DD71 /* Part 4 - Player */,
				1560466C1FA3A4250081DD71 /* Part 5 - Cards */,
			);
			path = "Assignment 1";
			sourceTree = "<group>";
		};
		156046671FA3A4250081DD71 /* Part 2 - Map Loader */ = {
			isa = PBXGroup;
			children = (
				156046681FA3A4250081DD71 /* Part2Driver.cpp */,
				156046691FA3A4250081DD71 /* MapLoader.cpp */,
				1560466A1FA3A4250081DD71 /* MapLoader.h */,
				1560466B1FA3A4250081DD71 /* World.map */,
			);
			path = "Part 2 - Map Loader";
			sourceTree = "<group>";
		};
		1560466C1FA3A4250081DD71 /* Part 5 - Cards */ = {
			isa = PBXGroup;
			children = (
				1560466D1FA3A4250081DD71 /* Cards.cpp */,
				1560466E1FA3A4250081DD71 /* Part5_Driver.cpp */,
				1560466F1FA3A4250081DD71 /* Cards.h */,
			);
			path = "Part 5 - Cards";
			sourceTree = "<group>";
		};
		156046701FA3A4250081DD71 /* Part 4 - Player */ = {
			isa = PBXGroup;
			children = (
				156046711FA3A4250081DD71 /* Player.cpp */,
				156046721FA3A4250081DD71 /* Player.h */,
				156046731FA3A4250081DD71 /* Part_4_Driver.cpp */,
			);
			path = "Part 4 - Player";
			sourceTree = "<group>";
		};
		156046741FA3A4250081DD71 /* Part 3 - Dice */ = {
			isa = PBXGroup;
			children = (
				156046751FA3A4250081DD71 /* diceDriver.cpp */,
				156046761FA3A4250081DD71 /* dice.cpp */,
				156046771FA3A4250081DD71 /* dice.h */,
			);
			path = "Part 3 - Dice";
			sourceTree = "<group>";
		};
		156046781FA3A4250081DD71 /* Part 1 - Map */ = {
			isa = PBXGroup;
			children = (
				156046791FA3A4250081DD71 /* Map.h */,
				1560467A1FA3A4250081DD71 /* Part1Driver.h */,
				1560467B1FA3A4250081DD71 /* Part1Driver.cpp */,
				1560467C1FA3A4250081DD71 /* Map.cpp */,
			);
			path = "Part 1 - Map";
			sourceTree = "<group>";
		};
		158080FB1FA91C8500677348 /* Assignment 3 */ = {
			isa = PBXGroup;
			children = (
				158080FC1FA91C8500677348 /* Part 1 - Player Strategy Pattern */,
				15D2CF9E1FB2902E003B1845 /* Part 2 - Phase Observer */,
				15D2CF9A1FB2902E003B1845 /* Part 3 */,
				15D2CFA61FB29069003B1845 /* Observer Pattern */,
				158080FF1FA91C8500677348 /* README.md */,
			);
			path = "Assignment 3";
			sourceTree = "<group>";
		};
		158080FC1FA91C8500677348 /* Part 1 - Player Strategy Pattern */ = {
			isa = PBXGroup;
			children = (
				158080FD1FA91C8500677348 /* PSPatern.hpp */,
				158080FE1FA91C8500677348 /* PSPatern.cpp */,
				159DAA081FAB69220068EE78 /* PSPDriver.cpp */,
				159DAA091FAB69220068EE78 /* PSPDriver.hpp */,
			);
			path = "Part 1 - Player Strategy Pattern";
			sourceTree = "<group>";
		};
		159BA0F81FA3A1EE006D4512 = {
			isa = PBXGroup;
			children = (
				156046661FA3A4250081DD71 /* Assignment 1 */,
				1560464B1FA3A4250081DD71 /* Assignment 2 */,
				158080FB1FA91C8500677348 /* Assignment 3 */,
				159BA1021FA3A1EE006D4512 /* Products */,
			);
			sourceTree = "<group>";
		};
		159BA1021FA3A1EE006D4512 /* Products */ = {
			isa = PBXGroup;
			children = (
				159BA1011FA3A1EE006D4512 /* Risk-fresh-start */,
				159BA10F1FA3A328006D4512 /* Map Target */,
				158CA0E31FA3A47800920974 /* Cards Target */,
				159DA9FF1FAA64B60068EE78 /* PSP */,
			);
			name = Products;
			sourceTree = "<group>";
		};
		15D2CF9A1FB2902E003B1845 /* Part 3 */ = {
			isa = PBXGroup;
			children = (
				15D2CF9B1FB2902E003B1845 /* GameStatsObserver.h */,
				15D2CF9C1FB2902E003B1845 /* GameStatsObserverDriver.cpp */,
				15D2CF9D1FB2902E003B1845 /* GameStatsObserver.cpp */,
			);
			path = "Part 3";
			sourceTree = "<group>";
		};
		15D2CF9E1FB2902E003B1845 /* Part 2 - Phase Observer */ = {
			isa = PBXGroup;
			children = (
				15D2CF9F1FB2902E003B1845 /* PhaseObserverDriver.cpp */,
				15D2CFA01FB2902E003B1845 /* PhaseObserver.cpp */,
				15D2CFA11FB2902E003B1845 /* PhaseObserver.h */,
			);
			path = "Part 2 - Phase Observer";
			sourceTree = "<group>";
		};
		15D2CFA61FB29069003B1845 /* Observer Pattern */ = {
			isa = PBXGroup;
			children = (
				15D2CFA71FB29069003B1845 /* Observer.h */,
				15D2CFA81FB29069003B1845 /* Subject.cpp */,
				15D2CFA91FB29069003B1845 /* Observer.cpp */,
				15D2CFAA1FB29069003B1845 /* Subject.h */,
			);
			path = "Observer Pattern";
			sourceTree = "<group>";
		};
/* End PBXGroup section */

/* Begin PBXNativeTarget section */
		158CA0E21FA3A47800920974 /* Cards Target */ = {
			isa = PBXNativeTarget;
			buildConfigurationList = 158CA0E71FA3A47800920974 /* Build configuration list for PBXNativeTarget "Cards Target" */;
			buildPhases = (
				158CA0DF1FA3A47800920974 /* Sources */,
				158CA0E01FA3A47800920974 /* Frameworks */,
				158CA0E11FA3A47800920974 /* CopyFiles */,
			);
			buildRules = (
			);
			dependencies = (
			);
			name = "Cards Target";
			productName = "Cards Target";
			productReference = 158CA0E31FA3A47800920974 /* Cards Target */;
			productType = "com.apple.product-type.tool";
		};
		159BA1001FA3A1EE006D4512 /* Risk-fresh-start */ = {
			isa = PBXNativeTarget;
			buildConfigurationList = 159BA1081FA3A1EE006D4512 /* Build configuration list for PBXNativeTarget "Risk-fresh-start" */;
			buildPhases = (
				159BA0FD1FA3A1EE006D4512 /* Sources */,
				159BA0FE1FA3A1EE006D4512 /* Frameworks */,
				159BA0FF1FA3A1EE006D4512 /* CopyFiles */,
			);
			buildRules = (
			);
			dependencies = (
			);
			name = "Risk-fresh-start";
			productName = "Risk-fresh-start";
			productReference = 159BA1011FA3A1EE006D4512 /* Risk-fresh-start */;
			productType = "com.apple.product-type.tool";
		};
		159BA10E1FA3A328006D4512 /* Map Target */ = {
			isa = PBXNativeTarget;
			buildConfigurationList = 159BA1131FA3A328006D4512 /* Build configuration list for PBXNativeTarget "Map Target" */;
			buildPhases = (
				159BA10B1FA3A328006D4512 /* Sources */,
				159BA10C1FA3A328006D4512 /* Frameworks */,
				159BA10D1FA3A328006D4512 /* CopyFiles */,
			);
			buildRules = (
			);
			dependencies = (
			);
			name = "Map Target";
			productName = "Map Target";
			productReference = 159BA10F1FA3A328006D4512 /* Map Target */;
			productType = "com.apple.product-type.tool";
		};
		159DA9FE1FAA64B60068EE78 /* PSP */ = {
			isa = PBXNativeTarget;
			buildConfigurationList = 159DAA051FAA64B60068EE78 /* Build configuration list for PBXNativeTarget "PSP" */;
			buildPhases = (
				159DA9FB1FAA64B60068EE78 /* Sources */,
				159DA9FC1FAA64B60068EE78 /* Frameworks */,
				159DA9FD1FAA64B60068EE78 /* CopyFiles */,
			);
			buildRules = (
			);
			dependencies = (
			);
			name = PSP;
			productName = PSP;
			productReference = 159DA9FF1FAA64B60068EE78 /* PSP */;
			productType = "com.apple.product-type.tool";
		};
/* End PBXNativeTarget section */

/* Begin PBXProject section */
		159BA0F91FA3A1EE006D4512 /* Project object */ = {
			isa = PBXProject;
			attributes = {
				LastUpgradeCheck = 0900;
				ORGANIZATIONNAME = "Bruno Robert";
				TargetAttributes = {
					158CA0E21FA3A47800920974 = {
						CreatedOnToolsVersion = 9.0.1;
						ProvisioningStyle = Automatic;
					};
					159BA1001FA3A1EE006D4512 = {
						CreatedOnToolsVersion = 9.0.1;
						ProvisioningStyle = Automatic;
					};
					159BA10E1FA3A328006D4512 = {
						CreatedOnToolsVersion = 9.0.1;
						ProvisioningStyle = Automatic;
					};
					159DA9FE1FAA64B60068EE78 = {
						CreatedOnToolsVersion = 9.0.1;
						ProvisioningStyle = Automatic;
					};
				};
			};
			buildConfigurationList = 159BA0FC1FA3A1EE006D4512 /* Build configuration list for PBXProject "Risk-fresh-start" */;
			compatibilityVersion = "Xcode 8.0";
			developmentRegion = en;
			hasScannedForEncodings = 0;
			knownRegions = (
				en,
			);
			mainGroup = 159BA0F81FA3A1EE006D4512;
			productRefGroup = 159BA1021FA3A1EE006D4512 /* Products */;
			projectDirPath = "";
			projectRoot = "";
			targets = (
				159BA1001FA3A1EE006D4512 /* Risk-fresh-start */,
				159BA10E1FA3A328006D4512 /* Map Target */,
				158CA0E21FA3A47800920974 /* Cards Target */,
				159DA9FE1FAA64B60068EE78 /* PSP */,
			);
		};
/* End PBXProject section */

/* Begin PBXSourcesBuildPhase section */
		158CA0DF1FA3A47800920974 /* Sources */ = {
			isa = PBXSourcesBuildPhase;
			buildActionMask = 2147483647;
			files = (
			);
			runOnlyForDeploymentPostprocessing = 0;
		};
		159BA0FD1FA3A1EE006D4512 /* Sources */ = {
			isa = PBXSourcesBuildPhase;
			buildActionMask = 2147483647;
			files = (
			);
			runOnlyForDeploymentPostprocessing = 0;
		};
		159BA10B1FA3A328006D4512 /* Sources */ = {
			isa = PBXSourcesBuildPhase;
			buildActionMask = 2147483647;
			files = (
				158CA0DE1FA3A45C00920974 /* Map.cpp in Sources */,
				158CA0DD1FA3A45C00920974 /* Part1Driver.cpp in Sources */,
			);
			runOnlyForDeploymentPostprocessing = 0;
		};
		159DA9FB1FAA64B60068EE78 /* Sources */ = {
			isa = PBXSourcesBuildPhase;
			buildActionMask = 2147483647;
			files = (
				15EB6E301FACF5A50010C01C /* Player.cpp in Sources */,
				15EB6E311FACF5C30010C01C /* Cards.cpp in Sources */,
				15EB6E321FACF5E50010C01C /* dice.cpp in Sources */,
				15D2CFAB1FB29069003B1845 /* Subject.cpp in Sources */,
				159DAA071FAB63120068EE78 /* Map.cpp in Sources */,
				15D2CFA51FB2902E003B1845 /* PhaseObserver.cpp in Sources */,
				159DAA0A1FAB69220068EE78 /* PSPDriver.cpp in Sources */,
				15D2CFAC1FB29069003B1845 /* Observer.cpp in Sources */,
				159DAA061FAA64D30068EE78 /* PSPatern.cpp in Sources */,
				15D2CFA31FB2902E003B1845 /* GameStatsObserver.cpp in Sources */,
			);
			runOnlyForDeploymentPostprocessing = 0;
		};
/* End PBXSourcesBuildPhase section */

/* Begin XCBuildConfiguration section */
		158CA0E81FA3A47800920974 /* Debug */ = {
			isa = XCBuildConfiguration;
			buildSettings = {
				CODE_SIGN_STYLE = Automatic;
				DEVELOPMENT_TEAM = QEYP2C3WEU;
				PRODUCT_NAME = "$(TARGET_NAME)";
			};
			name = Debug;
		};
		158CA0E91FA3A47800920974 /* Release */ = {
			isa = XCBuildConfiguration;
			buildSettings = {
				CODE_SIGN_STYLE = Automatic;
				DEVELOPMENT_TEAM = QEYP2C3WEU;
				PRODUCT_NAME = "$(TARGET_NAME)";
			};
			name = Release;
		};
		159BA1061FA3A1EE006D4512 /* Debug */ = {
			isa = XCBuildConfiguration;
			buildSettings = {
				ALWAYS_SEARCH_USER_PATHS = NO;
				CLANG_ANALYZER_NONNULL = YES;
				CLANG_ANALYZER_NUMBER_OBJECT_CONVERSION = YES_AGGRESSIVE;
				CLANG_CXX_LANGUAGE_STANDARD = "gnu++14";
				CLANG_CXX_LIBRARY = "libc++";
				CLANG_ENABLE_MODULES = YES;
				CLANG_ENABLE_OBJC_ARC = YES;
				CLANG_WARN_BLOCK_CAPTURE_AUTORELEASING = YES;
				CLANG_WARN_BOOL_CONVERSION = YES;
				CLANG_WARN_COMMA = YES;
				CLANG_WARN_CONSTANT_CONVERSION = YES;
				CLANG_WARN_DIRECT_OBJC_ISA_USAGE = YES_ERROR;
				CLANG_WARN_DOCUMENTATION_COMMENTS = YES;
				CLANG_WARN_EMPTY_BODY = YES;
				CLANG_WARN_ENUM_CONVERSION = YES;
				CLANG_WARN_INFINITE_RECURSION = YES;
				CLANG_WARN_INT_CONVERSION = YES;
				CLANG_WARN_NON_LITERAL_NULL_CONVERSION = YES;
				CLANG_WARN_OBJC_LITERAL_CONVERSION = YES;
				CLANG_WARN_OBJC_ROOT_CLASS = YES_ERROR;
				CLANG_WARN_RANGE_LOOP_ANALYSIS = YES;
				CLANG_WARN_STRICT_PROTOTYPES = YES;
				CLANG_WARN_SUSPICIOUS_MOVE = YES;
				CLANG_WARN_UNGUARDED_AVAILABILITY = YES_AGGRESSIVE;
				CLANG_WARN_UNREACHABLE_CODE = YES;
				CLANG_WARN__DUPLICATE_METHOD_MATCH = YES;
				CODE_SIGN_IDENTITY = "Mac Developer";
				COPY_PHASE_STRIP = NO;
				DEBUG_INFORMATION_FORMAT = dwarf;
				ENABLE_STRICT_OBJC_MSGSEND = YES;
				ENABLE_TESTABILITY = YES;
				GCC_C_LANGUAGE_STANDARD = gnu11;
				GCC_DYNAMIC_NO_PIC = NO;
				GCC_NO_COMMON_BLOCKS = YES;
				GCC_OPTIMIZATION_LEVEL = 0;
				GCC_PREPROCESSOR_DEFINITIONS = (
					"DEBUG=1",
					"$(inherited)",
				);
				GCC_WARN_64_TO_32_BIT_CONVERSION = YES;
				GCC_WARN_ABOUT_RETURN_TYPE = YES_ERROR;
				GCC_WARN_UNDECLARED_SELECTOR = YES;
				GCC_WARN_UNINITIALIZED_AUTOS = YES_AGGRESSIVE;
				GCC_WARN_UNUSED_FUNCTION = YES;
				GCC_WARN_UNUSED_VARIABLE = YES;
				MACOSX_DEPLOYMENT_TARGET = 10.13;
				MTL_ENABLE_DEBUG_INFO = YES;
				ONLY_ACTIVE_ARCH = YES;
				SDKROOT = macosx;
			};
			name = Debug;
		};
		159BA1071FA3A1EE006D4512 /* Release */ = {
			isa = XCBuildConfiguration;
			buildSettings = {
				ALWAYS_SEARCH_USER_PATHS = NO;
				CLANG_ANALYZER_NONNULL = YES;
				CLANG_ANALYZER_NUMBER_OBJECT_CONVERSION = YES_AGGRESSIVE;
				CLANG_CXX_LANGUAGE_STANDARD = "gnu++14";
				CLANG_CXX_LIBRARY = "libc++";
				CLANG_ENABLE_MODULES = YES;
				CLANG_ENABLE_OBJC_ARC = YES;
				CLANG_WARN_BLOCK_CAPTURE_AUTORELEASING = YES;
				CLANG_WARN_BOOL_CONVERSION = YES;
				CLANG_WARN_COMMA = YES;
				CLANG_WARN_CONSTANT_CONVERSION = YES;
				CLANG_WARN_DIRECT_OBJC_ISA_USAGE = YES_ERROR;
				CLANG_WARN_DOCUMENTATION_COMMENTS = YES;
				CLANG_WARN_EMPTY_BODY = YES;
				CLANG_WARN_ENUM_CONVERSION = YES;
				CLANG_WARN_INFINITE_RECURSION = YES;
				CLANG_WARN_INT_CONVERSION = YES;
				CLANG_WARN_NON_LITERAL_NULL_CONVERSION = YES;
				CLANG_WARN_OBJC_LITERAL_CONVERSION = YES;
				CLANG_WARN_OBJC_ROOT_CLASS = YES_ERROR;
				CLANG_WARN_RANGE_LOOP_ANALYSIS = YES;
				CLANG_WARN_STRICT_PROTOTYPES = YES;
				CLANG_WARN_SUSPICIOUS_MOVE = YES;
				CLANG_WARN_UNGUARDED_AVAILABILITY = YES_AGGRESSIVE;
				CLANG_WARN_UNREACHABLE_CODE = YES;
				CLANG_WARN__DUPLICATE_METHOD_MATCH = YES;
				CODE_SIGN_IDENTITY = "Mac Developer";
				COPY_PHASE_STRIP = NO;
				DEBUG_INFORMATION_FORMAT = "dwarf-with-dsym";
				ENABLE_NS_ASSERTIONS = NO;
				ENABLE_STRICT_OBJC_MSGSEND = YES;
				GCC_C_LANGUAGE_STANDARD = gnu11;
				GCC_NO_COMMON_BLOCKS = YES;
				GCC_WARN_64_TO_32_BIT_CONVERSION = YES;
				GCC_WARN_ABOUT_RETURN_TYPE = YES_ERROR;
				GCC_WARN_UNDECLARED_SELECTOR = YES;
				GCC_WARN_UNINITIALIZED_AUTOS = YES_AGGRESSIVE;
				GCC_WARN_UNUSED_FUNCTION = YES;
				GCC_WARN_UNUSED_VARIABLE = YES;
				MACOSX_DEPLOYMENT_TARGET = 10.13;
				MTL_ENABLE_DEBUG_INFO = NO;
				SDKROOT = macosx;
			};
			name = Release;
		};
		159BA1091FA3A1EE006D4512 /* Debug */ = {
			isa = XCBuildConfiguration;
			buildSettings = {
				CODE_SIGN_STYLE = Automatic;
				DEVELOPMENT_TEAM = QEYP2C3WEU;
				PRODUCT_NAME = "$(TARGET_NAME)";
			};
			name = Debug;
		};
		159BA10A1FA3A1EE006D4512 /* Release */ = {
			isa = XCBuildConfiguration;
			buildSettings = {
				CODE_SIGN_STYLE = Automatic;
				DEVELOPMENT_TEAM = QEYP2C3WEU;
				PRODUCT_NAME = "$(TARGET_NAME)";
			};
			name = Release;
		};
		159BA1141FA3A328006D4512 /* Debug */ = {
			isa = XCBuildConfiguration;
			buildSettings = {
				CODE_SIGN_STYLE = Automatic;
				DEVELOPMENT_TEAM = QEYP2C3WEU;
				PRODUCT_NAME = "$(TARGET_NAME)";
			};
			name = Debug;
		};
		159BA1151FA3A328006D4512 /* Release */ = {
			isa = XCBuildConfiguration;
			buildSettings = {
				CODE_SIGN_STYLE = Automatic;
				DEVELOPMENT_TEAM = QEYP2C3WEU;
				PRODUCT_NAME = "$(TARGET_NAME)";
			};
			name = Release;
		};
		159DAA031FAA64B60068EE78 /* Debug */ = {
			isa = XCBuildConfiguration;
			buildSettings = {
				CODE_SIGN_STYLE = Automatic;
				DEVELOPMENT_TEAM = QEYP2C3WEU;
				PRODUCT_NAME = "$(TARGET_NAME)";
			};
			name = Debug;
		};
		159DAA041FAA64B60068EE78 /* Release */ = {
			isa = XCBuildConfiguration;
			buildSettings = {
				CODE_SIGN_STYLE = Automatic;
				DEVELOPMENT_TEAM = QEYP2C3WEU;
				PRODUCT_NAME = "$(TARGET_NAME)";
			};
			name = Release;
		};
/* End XCBuildConfiguration section */

/* Begin XCConfigurationList section */
		158CA0E71FA3A47800920974 /* Build configuration list for PBXNativeTarget "Cards Target" */ = {
			isa = XCConfigurationList;
			buildConfigurations = (
				158CA0E81FA3A47800920974 /* Debug */,
				158CA0E91FA3A47800920974 /* Release */,
			);
			defaultConfigurationIsVisible = 0;
			defaultConfigurationName = Release;
		};
		159BA0FC1FA3A1EE006D4512 /* Build configuration list for PBXProject "Risk-fresh-start" */ = {
			isa = XCConfigurationList;
			buildConfigurations = (
				159BA1061FA3A1EE006D4512 /* Debug */,
				159BA1071FA3A1EE006D4512 /* Release */,
			);
			defaultConfigurationIsVisible = 0;
			defaultConfigurationName = Release;
		};
		159BA1081FA3A1EE006D4512 /* Build configuration list for PBXNativeTarget "Risk-fresh-start" */ = {
			isa = XCConfigurationList;
			buildConfigurations = (
				159BA1091FA3A1EE006D4512 /* Debug */,
				159BA10A1FA3A1EE006D4512 /* Release */,
			);
			defaultConfigurationIsVisible = 0;
			defaultConfigurationName = Release;
		};
		159BA1131FA3A328006D4512 /* Build configuration list for PBXNativeTarget "Map Target" */ = {
			isa = XCConfigurationList;
			buildConfigurations = (
				159BA1141FA3A328006D4512 /* Debug */,
				159BA1151FA3A328006D4512 /* Release */,
			);
			defaultConfigurationIsVisible = 0;
			defaultConfigurationName = Release;
		};
		159DAA051FAA64B60068EE78 /* Build configuration list for PBXNativeTarget "PSP" */ = {
			isa = XCConfigurationList;
			buildConfigurations = (
				159DAA031FAA64B60068EE78 /* Debug */,
				159DAA041FAA64B60068EE78 /* Release */,
			);
			defaultConfigurationIsVisible = 0;
			defaultConfigurationName = Release;
		};
/* End XCConfigurationList section */
	};
	rootObject = 159BA0F91FA3A1EE006D4512 /* Project object */;
}
